
Microsoft Visual Studio Solution File, Format Version 12.00
# Visual Studio 15
VisualStudioVersion = 15.0.27703.2000
MinimumVisualStudioVersion = 10.0.40219.1
Project("{FAE04EC0-301F-11D3-BF4B-00C04F79EFBC}") = "ConsoleApp3", "ConsoleApp3\ConsoleApp3.csproj", "{091018A8-5573-43BD-834F-7D662D3D4F4C}"
EndProject
Global
	GlobalSection(SolutionConfigurationPlatforms) = preSolution
		Debug|Any CPU = Debug|Any CPU
		Release|Any CPU = Release|Any CPU
	EndGlobalSection
	GlobalSection(ProjectConfigurationPlatforms) = postSolution
		{091018A8-5573-43BD-834F-7D662D3D4F4C}.Debug|Any CPU.ActiveCfg = Debug|Any CPU
		{091018A8-5573-43BD-834F-7D662D3D4F4C}.Debug|Any CPU.Build.0 = Debug|Any CPU
		{091018A8-5573-43BD-834F-7D662D3D4F4C}.Release|Any CPU.ActiveCfg = Release|Any CPU
		{091018A8-5573-43BD-834F-7D662D3D4F4C}.Release|Any CPU.Build.0 = Release|Any CPU
	EndGlobalSection
	GlobalSection(SolutionProperties) = preSolution
		HideSolutionNode = FALSE
	EndGlobalSection
	GlobalSection(ExtensibilityGlobals) = postSolution
		SolutionGuid = {CEB34504-DDC4-40B6-9A13-ABFE039A3363}
	EndGlobalSection
EndGlobal
